
Microsoft Visual Studio Solution File, Format Version 12.00
# Visual Studio Version 16
VisualStudioVersion = 16.0.30204.135
MinimumVisualStudioVersion = 10.0.40219.1
Project("{FAE04EC0-301F-11D3-BF4B-00C04F79EFBC}") = "WpfApp1", "WpfApp1\WpfApp1.csproj", "{1884FFAC-0D02-4DBB-AB55-F94F2F46B77E}"
EndProject
Global
	GlobalSection(SolutionConfigurationPlatforms) = preSolution
		Debug|Any CPU = Debug|Any CPU
		Release|Any CPU = Release|Any CPU
	EndGlobalSection
	GlobalSection(ProjectConfigurationPlatforms) = postSolution
		{1884FFAC-0D02-4DBB-AB55-F94F2F46B77E}.Debug|Any CPU.ActiveCfg = Debug|Any CPU
		{1884FFAC-0D02-4DBB-AB55-F94F2F46B77E}.Debug|Any CPU.Build.0 = Debug|Any CPU
		{1884FFAC-0D02-4DBB-AB55-F94F2F46B77E}.Release|Any CPU.ActiveCfg = Release|Any CPU
		{1884FFAC-0D02-4DBB-AB55-F94F2F46B77E}.Release|Any CPU.Build.0 = Release|Any CPU
	EndGlobalSection
	GlobalSection(SolutionProperties) = preSolution
		HideSolutionNode = FALSE
	EndGlobalSection
	GlobalSection(ExtensibilityGlobals) = postSolution
		SolutionGuid = {14D1835B-361D-4ABD-972F-2308BFAD7C09}
	EndGlobalSection
EndGlobal
